
Microsoft Visual Studio Solution File, Format Version 12.00
# Visual Studio Version 17
VisualStudioVersion = 17.7.34031.279
MinimumVisualStudioVersion = 10.0.40219.1
Project("{FAE04EC0-301F-11D3-BF4B-00C04F79EFBC}") = "DemoHttpClient", "DemoHttpClient\DemoHttpClient.csproj", "{016D0584-583D-4FFE-971C-EB7D607A0020}"
EndProject
Global
	GlobalSection(SolutionConfigurationPlatforms) = preSolution
		Debug|Any CPU = Debug|Any CPU
		Release|Any CPU = Release|Any CPU
	EndGlobalSection
	GlobalSection(ProjectConfigurationPlatforms) = postSolution
		{016D0584-583D-4FFE-971C-EB7D607A0020}.Debug|Any CPU.ActiveCfg = Debug|Any CPU
		{016D0584-583D-4FFE-971C-EB7D607A0020}.Debug|Any CPU.Build.0 = Debug|Any CPU
		{016D0584-583D-4FFE-971C-EB7D607A0020}.Release|Any CPU.ActiveCfg = Release|Any CPU
		{016D0584-583D-4FFE-971C-EB7D607A0020}.Release|Any CPU.Build.0 = Release|Any CPU
	EndGlobalSection
	GlobalSection(SolutionProperties) = preSolution
		HideSolutionNode = FALSE
	EndGlobalSection
	GlobalSection(ExtensibilityGlobals) = postSolution
		SolutionGuid = {7A60F336-F9D6-4695-A249-4FDD94F9FFC0}
	EndGlobalSection
EndGlobal
